// !$*UTF8*$!
{
	archiveVersion = 1;
	classes = {
	};
	objectVersion = 46;
	objects = {

/* Begin PBXBuildFile section */
		076C9D0F1905623E009C1404 /* Foundation.framework in Frameworks */ = {isa = PBXBuildFile; fileRef = 076C9D0E1905623E009C1404 /* Foundation.framework */; };
		076C9D111905623E009C1404 /* CoreGraphics.framework in Frameworks */ = {isa = PBXBuildFile; fileRef = 076C9D101905623E009C1404 /* CoreGraphics.framework */; };
		076C9D131905623E009C1404 /* UIKit.framework in Frameworks */ = {isa = PBXBuildFile; fileRef = 076C9D121905623E009C1404 /* UIKit.framework */; };
		076C9D191905623E009C1404 /* InfoPlist.strings in Resources */ = {isa = PBXBuildFile; fileRef = 076C9D171905623E009C1404 /* InfoPlist.strings */; };
		076C9D1B1905623E009C1404 /* main.m in Sources */ = {isa = PBXBuildFile; fileRef = 076C9D1A1905623E009C1404 /* main.m */; };
		076C9D1F1905623E009C1404 /* AppDelegate.m in Sources */ = {isa = PBXBuildFile; fileRef = 076C9D1E1905623E009C1404 /* AppDelegate.m */; };
		076C9D221905623E009C1404 /* Main.storyboard in Resources */ = {isa = PBXBuildFile; fileRef = 076C9D201905623E009C1404 /* Main.storyboard */; };
		076C9D251905623E009C1404 /* ViewController.m in Sources */ = {isa = PBXBuildFile; fileRef = 076C9D241905623E009C1404 /* ViewController.m */; };
		076C9D271905623E009C1404 /* Images.xcassets in Resources */ = {isa = PBXBuildFile; fileRef = 076C9D261905623E009C1404 /* Images.xcassets */; };
		076C9D4619056361009C1404 /* Invoker.m in Sources */ = {isa = PBXBuildFile; fileRef = 076C9D4519056361009C1404 /* Invoker.m */; };
		076C9D49190564D2009C1404 /* MakeLighterCommand.m in Sources */ = {isa = PBXBuildFile; fileRef = 076C9D48190564D2009C1404 /* MakeLighterCommand.m */; };
		076C9D4E19065002009C1404 /* Receiver.m in Sources */ = {isa = PBXBuildFile; fileRef = 076C9D4D19065002009C1404 /* Receiver.m */; };
		076C9D51190665C5009C1404 /* MakeDarkerCommand.m in Sources */ = {isa = PBXBuildFile; fileRef = 076C9D50190665C5009C1404 /* MakeDarkerCommand.m */; };
/* End PBXBuildFile section */

/* Begin PBXFileReference section */
		076C9D0B1905623E009C1404 /* CommandPattern.app */ = {isa = PBXFileReference; explicitFileType = wrapper.application; includeInIndex = 0; path = CommandPattern.app; sourceTree = BUILT_PRODUCTS_DIR; };
		076C9D0E1905623E009C1404 /* Foundation.framework */ = {isa = PBXFileReference; lastKnownFileType = wrapper.framework; name = Foundation.framework; path = System/Library/Frameworks/Foundation.framework; sourceTree = SDKROOT; };
		076C9D101905623E009C1404 /* CoreGraphics.framework */ = {isa = PBXFileReference; lastKnownFileType = wrapper.framework; name = CoreGraphics.framework; path = System/Library/Frameworks/CoreGraphics.framework; sourceTree = SDKROOT; };
		076C9D121905623E009C1404 /* UIKit.framework */ = {isa = PBXFileReference; lastKnownFileType = wrapper.framework; name = UIKit.framework; path = System/Library/Frameworks/UIKit.framework; sourceTree = SDKROOT; };
		076C9D161905623E009C1404 /* CommandPattern-Info.plist */ = {isa = PBXFileReference; lastKnownFileType = text.plist.xml; path = "CommandPattern-Info.plist"; sourceTree = "<group>"; };
		076C9D181905623E009C1404 /* en */ = {isa = PBXFileReference; lastKnownFileType = text.plist.strings; name = en; path = en.lproj/InfoPlist.strings; sourceTree = "<group>"; };
		076C9D1A1905623E009C1404 /* main.m */ = {isa = PBXFileReference; lastKnownFileType = sourcecode.c.objc; path = main.m; sourceTree = "<group>"; };
		076C9D1C1905623E009C1404 /* CommandPattern-Prefix.pch */ = {isa = PBXFileReference; lastKnownFileType = sourcecode.c.h; path = "CommandPattern-Prefix.pch"; sourceTree = "<group>"; };
		076C9D1D1905623E009C1404 /* AppDelegate.h */ = {isa = PBXFileReference; lastKnownFileType = sourcecode.c.h; path = AppDelegate.h; sourceTree = "<group>"; };
		076C9D1E1905623E009C1404 /* AppDelegate.m */ = {isa = PBXFileReference; lastKnownFileType = sourcecode.c.objc; path = AppDelegate.m; sourceTree = "<group>"; };
		076C9D211905623E009C1404 /* Base */ = {isa = PBXFileReference; lastKnownFileType = file.storyboard; name = Base; path = Base.lproj/Main.storyboard; sourceTree = "<group>"; };
		076C9D231905623E009C1404 /* ViewController.h */ = {isa = PBXFileReference; lastKnownFileType = sourcecode.c.h; path = ViewController.h; sourceTree = "<group>"; };
		076C9D241905623E009C1404 /* ViewController.m */ = {isa = PBXFileReference; lastKnownFileType = sourcecode.c.objc; path = ViewController.m; sourceTree = "<group>"; };
		076C9D261905623E009C1404 /* Images.xcassets */ = {isa = PBXFileReference; lastKnownFileType = folder.assetcatalog; path = Images.xcassets; sourceTree = "<group>"; };
		076C9D2D1905623E009C1404 /* XCTest.framework */ = {isa = PBXFileReference; lastKnownFileType = wrapper.framework; name = XCTest.framework; path = Library/Frameworks/XCTest.framework; sourceTree = DEVELOPER_DIR; };
		076C9D431905630E009C1404 /* Command.h */ = {isa = PBXFileReference; lastKnownFileType = sourcecode.c.h; path = Command.h; sourceTree = "<group>"; };
		076C9D4419056361009C1404 /* Invoker.h */ = {isa = PBXFileReference; fileEncoding = 4; lastKnownFileType = sourcecode.c.h; path = Invoker.h; sourceTree = "<group>"; };
		076C9D4519056361009C1404 /* Invoker.m */ = {isa = PBXFileReference; fileEncoding = 4; lastKnownFileType = sourcecode.c.objc; path = Invoker.m; sourceTree = "<group>"; };
		076C9D47190564D2009C1404 /* MakeLighterCommand.h */ = {isa = PBXFileReference; fileEncoding = 4; lastKnownFileType = sourcecode.c.h; path = MakeLighterCommand.h; sourceTree = "<group>"; };
		076C9D48190564D2009C1404 /* MakeLighterCommand.m */ = {isa = PBXFileReference; fileEncoding = 4; lastKnownFileType = sourcecode.c.objc; path = MakeLighterCommand.m; sourceTree = "<group>"; };
		076C9D4C19065002009C1404 /* Receiver.h */ = {isa = PBXFileReference; fileEncoding = 4; lastKnownFileType = sourcecode.c.h; path = Receiver.h; sourceTree = "<group>"; };
		076C9D4D19065002009C1404 /* Receiver.m */ = {isa = PBXFileReference; fileEncoding = 4; lastKnownFileType = sourcecode.c.objc; path = Receiver.m; sourceTree = "<group>"; };
		076C9D4F190665C5009C1404 /* MakeDarkerCommand.h */ = {isa = PBXFileReference; fileEncoding = 4; lastKnownFileType = sourcecode.c.h; path = MakeDarkerCommand.h; sourceTree = "<group>"; };
		076C9D50190665C5009C1404 /* MakeDarkerCommand.m */ = {isa = PBXFileReference; fileEncoding = 4; lastKnownFileType = sourcecode.c.objc; path = MakeDarkerCommand.m; sourceTree = "<group>"; };
/* End PBXFileReference section */

/* Begin PBXFrameworksBuildPhase section */
		076C9D081905623E009C1404 /* Frameworks */ = {
			isa = PBXFrameworksBuildPhase;
			buildActionMask = 2147483647;
			files = (
				076C9D111905623E009C1404 /* CoreGraphics.framework in Frameworks */,
				076C9D131905623E009C1404 /* UIKit.framework in Frameworks */,
				076C9D0F1905623E009C1404 /* Foundation.framework in Frameworks */,
			);
			runOnlyForDeploymentPostprocessing = 0;
		};
/* End PBXFrameworksBuildPhase section */

/* Begin PBXGroup section */
		076C9D021905623E009C1404 = {
			isa = PBXGroup;
			children = (
				076C9D141905623E009C1404 /* CommandPattern */,
				076C9D151905623E009C1404 /* Supporting Files */,
				076C9D0D1905623E009C1404 /* Frameworks */,
				076C9D0C1905623E009C1404 /* Products */,
			);
			sourceTree = "<group>";
		};
		076C9D0C1905623E009C1404 /* Products */ = {
			isa = PBXGroup;
			children = (
				076C9D0B1905623E009C1404 /* CommandPattern.app */,
			);
			name = Products;
			sourceTree = "<group>";
		};
		076C9D0D1905623E009C1404 /* Frameworks */ = {
			isa = PBXGroup;
			children = (
				076C9D0E1905623E009C1404 /* Foundation.framework */,
				076C9D101905623E009C1404 /* CoreGraphics.framework */,
				076C9D121905623E009C1404 /* UIKit.framework */,
				076C9D2D1905623E009C1404 /* XCTest.framework */,
			);
			name = Frameworks;
			sourceTree = "<group>";
		};
		076C9D141905623E009C1404 /* CommandPattern */ = {
			isa = PBXGroup;
			children = (
				076C9D1D1905623E009C1404 /* AppDelegate.h */,
				076C9D1E1905623E009C1404 /* AppDelegate.m */,
				076C9D231905623E009C1404 /* ViewController.h */,
				076C9D241905623E009C1404 /* ViewController.m */,
				076C9D4419056361009C1404 /* Invoker.h */,
				076C9D4519056361009C1404 /* Invoker.m */,
				076C9D4C19065002009C1404 /* Receiver.h */,
				076C9D4D19065002009C1404 /* Receiver.m */,
				076C9D431905630E009C1404 /* Command.h */,
				076C9D47190564D2009C1404 /* MakeLighterCommand.h */,
				076C9D48190564D2009C1404 /* MakeLighterCommand.m */,
				076C9D4F190665C5009C1404 /* MakeDarkerCommand.h */,
				076C9D50190665C5009C1404 /* MakeDarkerCommand.m */,
				076C9D201905623E009C1404 /* Main.storyboard */,
			);
			path = CommandPattern;
			sourceTree = "<group>";
		};
		076C9D151905623E009C1404 /* Supporting Files */ = {
			isa = PBXGroup;
			children = (
				076C9D261905623E009C1404 /* Images.xcassets */,
				076C9D161905623E009C1404 /* CommandPattern-Info.plist */,
				076C9D171905623E009C1404 /* InfoPlist.strings */,
				076C9D1A1905623E009C1404 /* main.m */,
				076C9D1C1905623E009C1404 /* CommandPattern-Prefix.pch */,
			);
			name = "Supporting Files";
			path = CommandPattern;
			sourceTree = "<group>";
		};
/* End PBXGroup section */

/* Begin PBXNativeTarget section */
		076C9D0A1905623E009C1404 /* CommandPattern */ = {
			isa = PBXNativeTarget;
			buildConfigurationList = 076C9D3D1905623E009C1404 /* Build configuration list for PBXNativeTarget "CommandPattern" */;
			buildPhases = (
				076C9D071905623E009C1404 /* Sources */,
				076C9D081905623E009C1404 /* Frameworks */,
				076C9D091905623E009C1404 /* Resources */,
			);
			buildRules = (
			);
			dependencies = (
			);
			name = CommandPattern;
			productName = CommandPattern;
			productReference = 076C9D0B1905623E009C1404 /* CommandPattern.app */;
			productType = "com.apple.product-type.application";
		};
/* End PBXNativeTarget section */

/* Begin PBXProject section */
		076C9D031905623E009C1404 /* Project object */ = {
			isa = PBXProject;
			attributes = {
				LastUpgradeCheck = 0510;
				ORGANIZATIONNAME = "Pablo Rueda";
			};
			buildConfigurationList = 076C9D061905623E009C1404 /* Build configuration list for PBXProject "CommandPattern" */;
			compatibilityVersion = "Xcode 3.2";
			developmentRegion = English;
			hasScannedForEncodings = 0;
			knownRegions = (
				en,
				Base,
			);
			mainGroup = 076C9D021905623E009C1404;
			productRefGroup = 076C9D0C1905623E009C1404 /* Products */;
			projectDirPath = "";
			projectRoot = "";
			targets = (
				076C9D0A1905623E009C1404 /* CommandPattern */,
			);
		};
/* End PBXProject section */

/* Begin PBXResourcesBuildPhase section */
		076C9D091905623E009C1404 /* Resources */ = {
			isa = PBXResourcesBuildPhase;
			buildActionMask = 2147483647;
			files = (
				076C9D271905623E009C1404 /* Images.xcassets in Resources */,
				076C9D191905623E009C1404 /* InfoPlist.strings in Resources */,
				076C9D221905623E009C1404 /* Main.storyboard in Resources */,
			);
			runOnlyForDeploymentPostprocessing = 0;
		};
/* End PBXResourcesBuildPhase section */

/* Begin PBXSourcesBuildPhase section */
		076C9D071905623E009C1404 /* Sources */ = {
			isa = PBXSourcesBuildPhase;
			buildActionMask = 2147483647;
			files = (
				076C9D49190564D2009C1404 /* MakeLighterCommand.m in Sources */,
				076C9D251905623E009C1404 /* ViewController.m in Sources */,
				076C9D4E19065002009C1404 /* Receiver.m in Sources */,
				076C9D51190665C5009C1404 /* MakeDarkerCommand.m in Sources */,
				076C9D1F1905623E009C1404 /* AppDelegate.m in Sources */,
				076C9D4619056361009C1404 /* Invoker.m in Sources */,
				076C9D1B1905623E009C1404 /* main.m in Sources */,
			);
			runOnlyForDeploymentPostprocessing = 0;
		};
/* End PBXSourcesBuildPhase section */

/* Begin PBXVariantGroup section */
		076C9D171905623E009C1404 /* InfoPlist.strings */ = {
			isa = PBXVariantGroup;
			children = (
				076C9D181905623E009C1404 /* en */,
			);
			name = InfoPlist.strings;
			sourceTree = "<group>";
		};
		076C9D201905623E009C1404 /* Main.storyboard */ = {
			isa = PBXVariantGroup;
			children = (
				076C9D211905623E009C1404 /* Base */,
			);
			name = Main.storyboard;
			sourceTree = "<group>";
		};
/* End PBXVariantGroup section */

/* Begin XCBuildConfiguration section */
		076C9D3B1905623E009C1404 /* Debug */ = {
			isa = XCBuildConfiguration;
			buildSettings = {
				ALWAYS_SEARCH_USER_PATHS = NO;
				CLANG_CXX_LANGUAGE_STANDARD = "gnu++0x";
				CLANG_CXX_LIBRARY = "libc++";
				CLANG_ENABLE_MODULES = YES;
				CLANG_ENABLE_OBJC_ARC = YES;
				CLANG_WARN_BOOL_CONVERSION = YES;
				CLANG_WARN_CONSTANT_CONVERSION = YES;
				CLANG_WARN_DIRECT_OBJC_ISA_USAGE = YES_ERROR;
				CLANG_WARN_EMPTY_BODY = YES;
				CLANG_WARN_ENUM_CONVERSION = YES;
				CLANG_WARN_INT_CONVERSION = YES;
				CLANG_WARN_OBJC_ROOT_CLASS = YES_ERROR;
				CLANG_WARN__DUPLICATE_METHOD_MATCH = YES;
				"CODE_SIGN_IDENTITY[sdk=iphoneos*]" = "iPhone Developer";
				COPY_PHASE_STRIP = NO;
				GCC_C_LANGUAGE_STANDARD = gnu99;
				GCC_DYNAMIC_NO_PIC = NO;
				GCC_OPTIMIZATION_LEVEL = 0;
				GCC_PREPROCESSOR_DEFINITIONS = (
					"DEBUG=1",
					"$(inherited)",
				);
				GCC_SYMBOLS_PRIVATE_EXTERN = NO;
				GCC_WARN_64_TO_32_BIT_CONVERSION = YES;
				GCC_WARN_ABOUT_RETURN_TYPE = YES_ERROR;
				GCC_WARN_UNDECLARED_SELECTOR = YES;
				GCC_WARN_UNINITIALIZED_AUTOS = YES_AGGRESSIVE;
				GCC_WARN_UNUSED_FUNCTION = YES;
				GCC_WARN_UNUSED_VARIABLE = YES;
				IPHONEOS_DEPLOYMENT_TARGET = 7.1;
				ONLY_ACTIVE_ARCH = YES;
				SDKROOT = iphoneos;
			};
			name = Debug;
		};
		076C9D3C1905623E009C1404 /* Release */ = {
			isa = XCBuildConfiguration;
			buildSettings = {
				ALWAYS_SEARCH_USER_PATHS = NO;
				CLANG_CXX_LANGUAGE_STANDARD = "gnu++0x";
				CLANG_CXX_LIBRARY = "libc++";
				CLANG_ENABLE_MODULES = YES;
				CLANG_ENABLE_OBJC_ARC = YES;
				CLANG_WARN_BOOL_CONVERSION = YES;
				CLANG_WARN_CONSTANT_CONVERSION = YES;
				CLANG_WARN_DIRECT_OBJC_ISA_USAGE = YES_ERROR;
				CLANG_WARN_EMPTY_BODY = YES;
				CLANG_WARN_ENUM_CONVERSION = YES;
				CLANG_WARN_INT_CONVERSION = YES;
				CLANG_WARN_OBJC_ROOT_CLASS = YES_ERROR;
				CLANG_WARN__DUPLICATE_METHOD_MATCH = YES;
				"CODE_SIGN_IDENTITY[sdk=iphoneos*]" = "iPhone Developer";
				COPY_PHASE_STRIP = YES;
				ENABLE_NS_ASSERTIONS = NO;
				GCC_C_LANGUAGE_STANDARD = gnu99;
				GCC_WARN_64_TO_32_BIT_CONVERSION = YES;
				GCC_WARN_ABOUT_RETURN_TYPE = YES_ERROR;
				GCC_WARN_UNDECLARED_SELECTOR = YES;
				GCC_WARN_UNINITIALIZED_AUTOS = YES_AGGRESSIVE;
				GCC_WARN_UNUSED_FUNCTION = YES;
				GCC_WARN_UNUSED_VARIABLE = YES;
				IPHONEOS_DEPLOYMENT_TARGET = 7.1;
				SDKROOT = iphoneos;
				VALIDATE_PRODUCT = YES;
			};
			name = Release;
		};
		076C9D3E1905623E009C1404 /* Debug */ = {
			isa = XCBuildConfiguration;
			buildSettings = {
				ASSETCATALOG_COMPILER_APPICON_NAME = AppIcon;
				ASSETCATALOG_COMPILER_LAUNCHIMAGE_NAME = LaunchImage;
				GCC_PRECOMPILE_PREFIX_HEADER = YES;
				GCC_PREFIX_HEADER = "CommandPattern/CommandPattern-Prefix.pch";
				INFOPLIST_FILE = "CommandPattern/CommandPattern-Info.plist";
				PRODUCT_NAME = "$(TARGET_NAME)";
				WRAPPER_EXTENSION = app;
			};
			name = Debug;
		};
		076C9D3F1905623E009C1404 /* Release */ = {
			isa = XCBuildConfiguration;
			buildSettings = {
				ASSETCATALOG_COMPILER_APPICON_NAME = AppIcon;
				ASSETCATALOG_COMPILER_LAUNCHIMAGE_NAME = LaunchImage;
				GCC_PRECOMPILE_PREFIX_HEADER = YES;
				GCC_PREFIX_HEADER = "CommandPattern/CommandPattern-Prefix.pch";
				INFOPLIST_FILE = "CommandPattern/CommandPattern-Info.plist";
				PRODUCT_NAME = "$(TARGET_NAME)";
				WRAPPER_EXTENSION = app;
			};
			name = Release;
		};
/* End XCBuildConfiguration section */

/* Begin XCConfigurationList section */
		076C9D061905623E009C1404 /* Build configuration list for PBXProject "CommandPattern" */ = {
			isa = XCConfigurationList;
			buildConfigurations = (
				076C9D3B1905623E009C1404 /* Debug */,
				076C9D3C1905623E009C1404 /* Release */,
			);
			defaultConfigurationIsVisible = 0;
			defaultConfigurationName = Release;
		};
		076C9D3D1905623E009C1404 /* Build configuration list for PBXNativeTarget "CommandPattern" */ = {
			isa = XCConfigurationList;
			buildConfigurations = (
				076C9D3E1905623E009C1404 /* Debug */,
				076C9D3F1905623E009C1404 /* Release */,
			);
			defaultConfigurationIsVisible = 0;
			defaultConfigurationName = Release;
		};
/* End XCConfigurationList section */
	};
	rootObject = 076C9D031905623E009C1404 /* Project object */;
}
